
Microsoft Visual Studio Solution File, Format Version 12.00
# Visual Studio 15
VisualStudioVersion = 15.0.28307.1927
MinimumVisualStudioVersion = 10.0.40219.1
Project("{FAE04EC0-301F-11D3-BF4B-00C04F79EFBC}") = "Trex game", "Trex game\Trex game.csproj", "{A7F1D05C-DF30-45B2-87CA-67F3CE2DC751}"
EndProject
Global
	GlobalSection(SolutionConfigurationPlatforms) = preSolution
		Debug|Any CPU = Debug|Any CPU
		Release|Any CPU = Release|Any CPU
	EndGlobalSection
	GlobalSection(ProjectConfigurationPlatforms) = postSolution
		{A7F1D05C-DF30-45B2-87CA-67F3CE2DC751}.Debug|Any CPU.ActiveCfg = Debug|Any CPU
		{A7F1D05C-DF30-45B2-87CA-67F3CE2DC751}.Debug|Any CPU.Build.0 = Debug|Any CPU
		{A7F1D05C-DF30-45B2-87CA-67F3CE2DC751}.Release|Any CPU.ActiveCfg = Release|Any CPU
		{A7F1D05C-DF30-45B2-87CA-67F3CE2DC751}.Release|Any CPU.Build.0 = Release|Any CPU
	EndGlobalSection
	GlobalSection(SolutionProperties) = preSolution
		HideSolutionNode = FALSE
	EndGlobalSection
	GlobalSection(ExtensibilityGlobals) = postSolution
		SolutionGuid = {3FCA6FCE-C851-459A-9970-ADA787EA56D0}
	EndGlobalSection
EndGlobal
